{
  "name": "wanglab-model-relays",
  "version": "0.3.0",
  "lockfileVersion": 3,
  "requires": true,
  "packages": {
    "": {
      "name": "wanglab-model-relays",
      "version": "0.3.0",
      "dependencies": {
        "smol-toml": "1.4.2"
      }
    },
    "node_modules/smol-toml": {
      "version": "1.4.2",
      "resolved": "https://registry.npmjs.org/smol-toml/-/smol-toml-1.4.2.tgz",
      "integrity": "sha512-rInDH6lCNiEyn3+hH8KVGFdbjc099j47+OSgbMrfDYX1CmXLfdKd7qi6IfcWj2wFxvSVkuI46M+wPGYfEOEj6g==",
      "license": "BSD-3-Clause",
      "engines": {
        "node": ">= 18"
      },
      "funding": {
        "url": "https://github.com/sponsors/cyyynthia"
      }
    }
  }
}
